
Microsoft Visual Studio Solution File, Format Version 12.00
# Visual Studio Version 16
VisualStudioVersion = 16.0.29209.62
MinimumVisualStudioVersion = 10.0.40219.1
Project("{FAE04EC0-301F-11D3-BF4B-00C04F79EFBC}") = "Lab5", "Lab5\Lab5.csproj", "{653ACE3B-5446-4007-B959-FBA96065447B}"
EndProject
Global
	GlobalSection(SolutionConfigurationPlatforms) = preSolution
		Debug|Any CPU = Debug|Any CPU
		Release|Any CPU = Release|Any CPU
	EndGlobalSection
	GlobalSection(ProjectConfigurationPlatforms) = postSolution
		{653ACE3B-5446-4007-B959-FBA96065447B}.Debug|Any CPU.ActiveCfg = Debug|Any CPU
		{653ACE3B-5446-4007-B959-FBA96065447B}.Debug|Any CPU.Build.0 = Debug|Any CPU
		{653ACE3B-5446-4007-B959-FBA96065447B}.Release|Any CPU.ActiveCfg = Release|Any CPU
		{653ACE3B-5446-4007-B959-FBA96065447B}.Release|Any CPU.Build.0 = Release|Any CPU
	EndGlobalSection
	GlobalSection(SolutionProperties) = preSolution
		HideSolutionNode = FALSE
	EndGlobalSection
	GlobalSection(ExtensibilityGlobals) = postSolution
		SolutionGuid = {0D3D036B-BE9B-4F68-8CE6-3F58E9FFA07C}
	EndGlobalSection
EndGlobal
